// !$*UTF8*$!
{
	archiveVersion = 1;
	classes = {
	};
	objectVersion = 50;
	objects = {

/* Begin PBXBuildFile section */
		6310452F20FD90BE00B97C0C /* AppDelegate.swift in Sources */ = {isa = PBXBuildFile; fileRef = 6310452E20FD90BE00B97C0C /* AppDelegate.swift */; };
		6310453120FD90BE00B97C0C /* ViewController.swift in Sources */ = {isa = PBXBuildFile; fileRef = 6310453020FD90BE00B97C0C /* ViewController.swift */; };
		6310453420FD90BE00B97C0C /* Main.storyboard in Resources */ = {isa = PBXBuildFile; fileRef = 6310453220FD90BE00B97C0C /* Main.storyboard */; };
		6310453920FD90BE00B97C0C /* LaunchScreen.storyboard in Resources */ = {isa = PBXBuildFile; fileRef = 6310453720FD90BE00B97C0C /* LaunchScreen.storyboard */; };
		6339B8EE2123544B002DDEA8 /* AuthoredListingsViewController.swift in Sources */ = {isa = PBXBuildFile; fileRef = 6339B8ED2123544B002DDEA8 /* AuthoredListingsViewController.swift */; };
		633C2024211CB67900BE481A /* SearchCoursesViewController.swift in Sources */ = {isa = PBXBuildFile; fileRef = 633C2023211CB67900BE481A /* SearchCoursesViewController.swift */; };
		63860E60210EA5B500DB4992 /* BookItemTableViewCell.swift in Sources */ = {isa = PBXBuildFile; fileRef = 63860E5E210EA5B500DB4992 /* BookItemTableViewCell.swift */; };
		63860E61210EA5B500DB4992 /* BookItemTableViewCell.xib in Resources */ = {isa = PBXBuildFile; fileRef = 63860E5F210EA5B500DB4992 /* BookItemTableViewCell.xib */; };
		63926994210D9308007F2B4D /* GBooksViewController.swift in Sources */ = {isa = PBXBuildFile; fileRef = 63926993210D9308007F2B4D /* GBooksViewController.swift */; };
		63926996210D9977007F2B4D /* Book.swift in Sources */ = {isa = PBXBuildFile; fileRef = 63926995210D9977007F2B4D /* Book.swift */; };
		63A27ACC2125372600750A49 /* ChatViewController.swift in Sources */ = {isa = PBXBuildFile; fileRef = 63A27ACB2125372600750A49 /* ChatViewController.swift */; };
		63ACB4BB211273C3008B9F8A /* ListingsViewController.swift in Sources */ = {isa = PBXBuildFile; fileRef = 63ACB4BA211273C3008B9F8A /* ListingsViewController.swift */; };
		63AE7336211BBFBB004E3D3D /* ISBNSearchViewController.swift in Sources */ = {isa = PBXBuildFile; fileRef = 63AE7335211BBFBB004E3D3D /* ISBNSearchViewController.swift */; };
		63B5A73220FEFCD3001310D7 /* Images.xcassets in Resources */ = {isa = PBXBuildFile; fileRef = 63B5A73120FEFCD3001310D7 /* Images.xcassets */; };
		63B5D95C211188E30010DE97 /* ISBNViewController.swift in Sources */ = {isa = PBXBuildFile; fileRef = 63B5D95B211188E30010DE97 /* ISBNViewController.swift */; };
		63B9CAAC2122A9A700C056AB /* ListingDetailsTableViewCell.swift in Sources */ = {isa = PBXBuildFile; fileRef = 63B9CAAA2122A9A700C056AB /* ListingDetailsTableViewCell.swift */; };
		63B9CAAD2122A9A700C056AB /* ListingDetailsTableViewCell.xib in Resources */ = {isa = PBXBuildFile; fileRef = 63B9CAAB2122A9A700C056AB /* ListingDetailsTableViewCell.xib */; };
		63B9CAAF2122A9D300C056AB /* ListingDetailsViewController.swift in Sources */ = {isa = PBXBuildFile; fileRef = 63B9CAAE2122A9D300C056AB /* ListingDetailsViewController.swift */; };
		63BD4C7021003FC60096C537 /* AccountViewController.swift in Sources */ = {isa = PBXBuildFile; fileRef = 63BD4C6F21003FC60096C537 /* AccountViewController.swift */; };
		63BD4C72210047090096C537 /* AuthErrorHandling.swift in Sources */ = {isa = PBXBuildFile; fileRef = 63BD4C71210047090096C537 /* AuthErrorHandling.swift */; };
		63C46EA22123BEC600C74E09 /* EditListingViewController.swift in Sources */ = {isa = PBXBuildFile; fileRef = 63C46EA12123BEC600C74E09 /* EditListingViewController.swift */; };
		63D0D9D62127A66D00CE3615 /* FullDetailsViewController.swift in Sources */ = {isa = PBXBuildFile; fileRef = 63D0D9D52127A66D00CE3615 /* FullDetailsViewController.swift */; };
		63D0D9DA2128054700CE3615 /* ChatMessageCell.swift in Sources */ = {isa = PBXBuildFile; fileRef = 63D0D9D92128054700CE3615 /* ChatMessageCell.swift */; };
		63E10980210FE9D3001D858A /* ManualEntryViewController.swift in Sources */ = {isa = PBXBuildFile; fileRef = 63E1097F210FE9D3001D858A /* ManualEntryViewController.swift */; };
		63FF7E9720FD91C300B8FDAF /* GoogleService-Info.plist in Resources */ = {isa = PBXBuildFile; fileRef = 63FF7E9620FD91C300B8FDAF /* GoogleService-Info.plist */; };
		63FF7E9920FD96B300B8FDAF /* RegisterViewController.swift in Sources */ = {isa = PBXBuildFile; fileRef = 63FF7E9820FD96B300B8FDAF /* RegisterViewController.swift */; };
		63FF7E9B20FDB7CF00B8FDAF /* LoginViewController.swift in Sources */ = {isa = PBXBuildFile; fileRef = 63FF7E9A20FDB7CF00B8FDAF /* LoginViewController.swift */; };
		D4F3CC6BB78D152EAC5D0F82 /* Pods_BookSwap.framework in Frameworks */ = {isa = PBXBuildFile; fileRef = E9124037D3755DD57DCCAA54 /* Pods_BookSwap.framework */; };
/* End PBXBuildFile section */

/* Begin PBXFileReference section */
		6310452B20FD90BE00B97C0C /* BookSwap.app */ = {isa = PBXFileReference; explicitFileType = wrapper.application; includeInIndex = 0; path = BookSwap.app; sourceTree = BUILT_PRODUCTS_DIR; };
		6310452E20FD90BE00B97C0C /* AppDelegate.swift */ = {isa = PBXFileReference; lastKnownFileType = sourcecode.swift; path = AppDelegate.swift; sourceTree = "<group>"; };
		6310453020FD90BE00B97C0C /* ViewController.swift */ = {isa = PBXFileReference; lastKnownFileType = sourcecode.swift; path = ViewController.swift; sourceTree = "<group>"; };
		6310453320FD90BE00B97C0C /* Base */ = {isa = PBXFileReference; lastKnownFileType = file.storyboard; name = Base; path = Base.lproj/Main.storyboard; sourceTree = "<group>"; };
		6310453820FD90BE00B97C0C /* Base */ = {isa = PBXFileReference; lastKnownFileType = file.storyboard; name = Base; path = Base.lproj/LaunchScreen.storyboard; sourceTree = "<group>"; };
		6310453A20FD90BE00B97C0C /* Info.plist */ = {isa = PBXFileReference; lastKnownFileType = text.plist.xml; path = Info.plist; sourceTree = "<group>"; };
		6339B8ED2123544B002DDEA8 /* AuthoredListingsViewController.swift */ = {isa = PBXFileReference; lastKnownFileType = sourcecode.swift; path = AuthoredListingsViewController.swift; sourceTree = "<group>"; };
		633C2023211CB67900BE481A /* SearchCoursesViewController.swift */ = {isa = PBXFileReference; lastKnownFileType = sourcecode.swift; path = SearchCoursesViewController.swift; sourceTree = "<group>"; };
		63860E5E210EA5B500DB4992 /* BookItemTableViewCell.swift */ = {isa = PBXFileReference; lastKnownFileType = sourcecode.swift; path = BookItemTableViewCell.swift; sourceTree = "<group>"; };
		63860E5F210EA5B500DB4992 /* BookItemTableViewCell.xib */ = {isa = PBXFileReference; lastKnownFileType = file.xib; path = BookItemTableViewCell.xib; sourceTree = "<group>"; };
		63926993210D9308007F2B4D /* GBooksViewController.swift */ = {isa = PBXFileReference; lastKnownFileType = sourcecode.swift; path = GBooksViewController.swift; sourceTree = "<group>"; };
		63926995210D9977007F2B4D /* Book.swift */ = {isa = PBXFileReference; lastKnownFileType = sourcecode.swift; path = Book.swift; sourceTree = "<group>"; };
		63A27ACB2125372600750A49 /* ChatViewController.swift */ = {isa = PBXFileReference; lastKnownFileType = sourcecode.swift; path = ChatViewController.swift; sourceTree = "<group>"; };
		63ACB4BA211273C3008B9F8A /* ListingsViewController.swift */ = {isa = PBXFileReference; lastKnownFileType = sourcecode.swift; path = ListingsViewController.swift; sourceTree = "<group>"; };
		63AE7335211BBFBB004E3D3D /* ISBNSearchViewController.swift */ = {isa = PBXFileReference; lastKnownFileType = sourcecode.swift; path = ISBNSearchViewController.swift; sourceTree = "<group>"; };
		63B5A73120FEFCD3001310D7 /* Images.xcassets */ = {isa = PBXFileReference; lastKnownFileType = folder.assetcatalog; path = Images.xcassets; sourceTree = "<group>"; };
		63B5D95B211188E30010DE97 /* ISBNViewController.swift */ = {isa = PBXFileReference; lastKnownFileType = sourcecode.swift; path = ISBNViewController.swift; sourceTree = "<group>"; };
		63B9CAAA2122A9A700C056AB /* ListingDetailsTableViewCell.swift */ = {isa = PBXFileReference; lastKnownFileType = sourcecode.swift; path = ListingDetailsTableViewCell.swift; sourceTree = "<group>"; };
		63B9CAAB2122A9A700C056AB /* ListingDetailsTableViewCell.xib */ = {isa = PBXFileReference; lastKnownFileType = file.xib; path = ListingDetailsTableViewCell.xib; sourceTree = "<group>"; };
		63B9CAAE2122A9D300C056AB /* ListingDetailsViewController.swift */ = {isa = PBXFileReference; lastKnownFileType = sourcecode.swift; path = ListingDetailsViewController.swift; sourceTree = "<group>"; };
		63BD4C6F21003FC60096C537 /* AccountViewController.swift */ = {isa = PBXFileReference; lastKnownFileType = sourcecode.swift; path = AccountViewController.swift; sourceTree = "<group>"; };
		63BD4C71210047090096C537 /* AuthErrorHandling.swift */ = {isa = PBXFileReference; lastKnownFileType = sourcecode.swift; path = AuthErrorHandling.swift; sourceTree = "<group>"; };
		63C46EA12123BEC600C74E09 /* EditListingViewController.swift */ = {isa = PBXFileReference; lastKnownFileType = sourcecode.swift; path = EditListingViewController.swift; sourceTree = "<group>"; };
		63D0D9D52127A66D00CE3615 /* FullDetailsViewController.swift */ = {isa = PBXFileReference; lastKnownFileType = sourcecode.swift; path = FullDetailsViewController.swift; sourceTree = "<group>"; };
		63D0D9D92128054700CE3615 /* ChatMessageCell.swift */ = {isa = PBXFileReference; lastKnownFileType = sourcecode.swift; path = ChatMessageCell.swift; sourceTree = "<group>"; };
		63E1097F210FE9D3001D858A /* ManualEntryViewController.swift */ = {isa = PBXFileReference; lastKnownFileType = sourcecode.swift; path = ManualEntryViewController.swift; sourceTree = "<group>"; };
		63FF7E9620FD91C300B8FDAF /* GoogleService-Info.plist */ = {isa = PBXFileReference; fileEncoding = 4; lastKnownFileType = text.plist.xml; path = "GoogleService-Info.plist"; sourceTree = "<group>"; };
		63FF7E9820FD96B300B8FDAF /* RegisterViewController.swift */ = {isa = PBXFileReference; lastKnownFileType = sourcecode.swift; path = RegisterViewController.swift; sourceTree = "<group>"; };
		63FF7E9A20FDB7CF00B8FDAF /* LoginViewController.swift */ = {isa = PBXFileReference; lastKnownFileType = sourcecode.swift; path = LoginViewController.swift; sourceTree = "<group>"; };
		C62FF91DECD1E5D63990CE54 /* Pods-BookSwap.debug.xcconfig */ = {isa = PBXFileReference; includeInIndex = 1; lastKnownFileType = text.xcconfig; name = "Pods-BookSwap.debug.xcconfig"; path = "Pods/Target Support Files/Pods-BookSwap/Pods-BookSwap.debug.xcconfig"; sourceTree = "<group>"; };
		E9124037D3755DD57DCCAA54 /* Pods_BookSwap.framework */ = {isa = PBXFileReference; explicitFileType = wrapper.framework; includeInIndex = 0; path = Pods_BookSwap.framework; sourceTree = BUILT_PRODUCTS_DIR; };
		F977EF4A80B1E2FCC010BB0B /* Pods-BookSwap.release.xcconfig */ = {isa = PBXFileReference; includeInIndex = 1; lastKnownFileType = text.xcconfig; name = "Pods-BookSwap.release.xcconfig"; path = "Pods/Target Support Files/Pods-BookSwap/Pods-BookSwap.release.xcconfig"; sourceTree = "<group>"; };
/* End PBXFileReference section */

/* Begin PBXFrameworksBuildPhase section */
		6310452820FD90BE00B97C0C /* Frameworks */ = {
			isa = PBXFrameworksBuildPhase;
			buildActionMask = 2147483647;
			files = (
				D4F3CC6BB78D152EAC5D0F82 /* Pods_BookSwap.framework in Frameworks */,
			);
			runOnlyForDeploymentPostprocessing = 0;
		};
/* End PBXFrameworksBuildPhase section */

/* Begin PBXGroup section */
		2EDEFE2206B231E7E7E48B6D /* Frameworks */ = {
			isa = PBXGroup;
			children = (
				E9124037D3755DD57DCCAA54 /* Pods_BookSwap.framework */,
			);
			name = Frameworks;
			sourceTree = "<group>";
		};
		6310452220FD90BE00B97C0C = {
			isa = PBXGroup;
			children = (
				6310452D20FD90BE00B97C0C /* BookSwap */,
				6310452C20FD90BE00B97C0C /* Products */,
				A2DF49A32FF90AC8475D6F86 /* Pods */,
				2EDEFE2206B231E7E7E48B6D /* Frameworks */,
			);
			sourceTree = "<group>";
		};
		6310452C20FD90BE00B97C0C /* Products */ = {
			isa = PBXGroup;
			children = (
				6310452B20FD90BE00B97C0C /* BookSwap.app */,
			);
			name = Products;
			sourceTree = "<group>";
		};
		6310452D20FD90BE00B97C0C /* BookSwap */ = {
			isa = PBXGroup;
			children = (
				6310452E20FD90BE00B97C0C /* AppDelegate.swift */,
				6310453020FD90BE00B97C0C /* ViewController.swift */,
				63E1097F210FE9D3001D858A /* ManualEntryViewController.swift */,
				63B5D95B211188E30010DE97 /* ISBNViewController.swift */,
				63926995210D9977007F2B4D /* Book.swift */,
				63B9CAAE2122A9D300C056AB /* ListingDetailsViewController.swift */,
				63A27ACB2125372600750A49 /* ChatViewController.swift */,
				63D0D9D92128054700CE3615 /* ChatMessageCell.swift */,
				63D0D9D52127A66D00CE3615 /* FullDetailsViewController.swift */,
				633D66FD211F6BEF00629925 /* Search */,
				63296CC42101D3C5008DA161 /* Account */,
				6310453220FD90BE00B97C0C /* Main.storyboard */,
				6310453720FD90BE00B97C0C /* LaunchScreen.storyboard */,
				63B9CAAA2122A9A700C056AB /* ListingDetailsTableViewCell.swift */,
				63B9CAAB2122A9A700C056AB /* ListingDetailsTableViewCell.xib */,
				63860E5E210EA5B500DB4992 /* BookItemTableViewCell.swift */,
				63860E5F210EA5B500DB4992 /* BookItemTableViewCell.xib */,
				63B5A73120FEFCD3001310D7 /* Images.xcassets */,
				63FF7E9620FD91C300B8FDAF /* GoogleService-Info.plist */,
				6310453A20FD90BE00B97C0C /* Info.plist */,
			);
			path = BookSwap;
			sourceTree = "<group>";
		};
		63296CC42101D3C5008DA161 /* Account */ = {
			isa = PBXGroup;
			children = (
				63FF7E9A20FDB7CF00B8FDAF /* LoginViewController.swift */,
				63FF7E9820FD96B300B8FDAF /* RegisterViewController.swift */,
				63BD4C71210047090096C537 /* AuthErrorHandling.swift */,
				63BD4C6F21003FC60096C537 /* AccountViewController.swift */,
				6339B8ED2123544B002DDEA8 /* AuthoredListingsViewController.swift */,
				63C46EA12123BEC600C74E09 /* EditListingViewController.swift */,
			);
			path = Account;
			sourceTree = "<group>";
		};
		633D66FD211F6BEF00629925 /* Search */ = {
			isa = PBXGroup;
			children = (
				63926993210D9308007F2B4D /* GBooksViewController.swift */,
				63ACB4BA211273C3008B9F8A /* ListingsViewController.swift */,
				63AE7335211BBFBB004E3D3D /* ISBNSearchViewController.swift */,
				633C2023211CB67900BE481A /* SearchCoursesViewController.swift */,
			);
			path = Search;
			sourceTree = "<group>";
		};
		A2DF49A32FF90AC8475D6F86 /* Pods */ = {
			isa = PBXGroup;
			children = (
				C62FF91DECD1E5D63990CE54 /* Pods-BookSwap.debug.xcconfig */,
				F977EF4A80B1E2FCC010BB0B /* Pods-BookSwap.release.xcconfig */,
			);
			name = Pods;
			sourceTree = "<group>";
		};
/* End PBXGroup section */

/* Begin PBXNativeTarget section */
		6310452A20FD90BE00B97C0C /* BookSwap */ = {
			isa = PBXNativeTarget;
			buildConfigurationList = 6310453D20FD90BE00B97C0C /* Build configuration list for PBXNativeTarget "BookSwap" */;
			buildPhases = (
				C2E1721B6049E287C4416E12 /* [CP] Check Pods Manifest.lock */,
				6310452720FD90BE00B97C0C /* Sources */,
				6310452820FD90BE00B97C0C /* Frameworks */,
				6310452920FD90BE00B97C0C /* Resources */,
				E18ED95BCEE1D9F21CA3987E /* [CP] Embed Pods Frameworks */,
			);
			buildRules = (
			);
			dependencies = (
			);
			name = BookSwap;
			productName = BookSwap;
			productReference = 6310452B20FD90BE00B97C0C /* BookSwap.app */;
			productType = "com.apple.product-type.application";
		};
/* End PBXNativeTarget section */

/* Begin PBXProject section */
		6310452320FD90BE00B97C0C /* Project object */ = {
			isa = PBXProject;
			attributes = {
				LastSwiftUpdateCheck = 0940;
				LastUpgradeCheck = 0940;
				ORGANIZATIONNAME = "David Shapiro";
				TargetAttributes = {
					6310452A20FD90BE00B97C0C = {
						CreatedOnToolsVersion = 9.4.1;
					};
				};
			};
			buildConfigurationList = 6310452620FD90BE00B97C0C /* Build configuration list for PBXProject "BookSwap" */;
			compatibilityVersion = "Xcode 9.3";
			developmentRegion = en;
			hasScannedForEncodings = 0;
			knownRegions = (
				en,
				Base,
			);
			mainGroup = 6310452220FD90BE00B97C0C;
			productRefGroup = 6310452C20FD90BE00B97C0C /* Products */;
			projectDirPath = "";
			projectRoot = "";
			targets = (
				6310452A20FD90BE00B97C0C /* BookSwap */,
			);
		};
/* End PBXProject section */

/* Begin PBXResourcesBuildPhase section */
		6310452920FD90BE00B97C0C /* Resources */ = {
			isa = PBXResourcesBuildPhase;
			buildActionMask = 2147483647;
			files = (
				6310453920FD90BE00B97C0C /* LaunchScreen.storyboard in Resources */,
				63B9CAAD2122A9A700C056AB /* ListingDetailsTableViewCell.xib in Resources */,
				63B5A73220FEFCD3001310D7 /* Images.xcassets in Resources */,
				63FF7E9720FD91C300B8FDAF /* GoogleService-Info.plist in Resources */,
				63860E61210EA5B500DB4992 /* BookItemTableViewCell.xib in Resources */,
				6310453420FD90BE00B97C0C /* Main.storyboard in Resources */,
			);
			runOnlyForDeploymentPostprocessing = 0;
		};
/* End PBXResourcesBuildPhase section */

/* Begin PBXShellScriptBuildPhase section */
		C2E1721B6049E287C4416E12 /* [CP] Check Pods Manifest.lock */ = {
			isa = PBXShellScriptBuildPhase;
			buildActionMask = 2147483647;
			files = (
			);
			inputPaths = (
				"${PODS_PODFILE_DIR_PATH}/Podfile.lock",
				"${PODS_ROOT}/Manifest.lock",
			);
			name = "[CP] Check Pods Manifest.lock";
			outputPaths = (
				"$(DERIVED_FILE_DIR)/Pods-BookSwap-checkManifestLockResult.txt",
			);
			runOnlyForDeploymentPostprocessing = 0;
			shellPath = /bin/sh;
			shellScript = "diff \"${PODS_PODFILE_DIR_PATH}/Podfile.lock\" \"${PODS_ROOT}/Manifest.lock\" > /dev/null\nif [ $? != 0 ] ; then\n    # print error to STDERR\n    echo \"error: The sandbox is not in sync with the Podfile.lock. Run 'pod install' or update your CocoaPods installation.\" >&2\n    exit 1\nfi\n# This output is used by Xcode 'outputs' to avoid re-running this script phase.\necho \"SUCCESS\" > \"${SCRIPT_OUTPUT_FILE_0}\"\n";
			showEnvVarsInLog = 0;
		};
		E18ED95BCEE1D9F21CA3987E /* [CP] Embed Pods Frameworks */ = {
			isa = PBXShellScriptBuildPhase;
			buildActionMask = 2147483647;
			files = (
			);
			inputPaths = (
				"${SRCROOT}/Pods/Target Support Files/Pods-BookSwap/Pods-BookSwap-frameworks.sh",
				"${BUILT_PRODUCTS_DIR}/GTMSessionFetcher/GTMSessionFetcher.framework",
				"${BUILT_PRODUCTS_DIR}/GoogleToolboxForMac/GoogleToolboxForMac.framework",
				"${BUILT_PRODUCTS_DIR}/Kingfisher/Kingfisher.framework",
				"${BUILT_PRODUCTS_DIR}/SVProgressHUD/SVProgressHUD.framework",
				"${BUILT_PRODUCTS_DIR}/leveldb-library/leveldb.framework",
				"${BUILT_PRODUCTS_DIR}/nanopb/nanopb.framework",
			);
			name = "[CP] Embed Pods Frameworks";
			outputPaths = (
				"${TARGET_BUILD_DIR}/${FRAMEWORKS_FOLDER_PATH}/GTMSessionFetcher.framework",
				"${TARGET_BUILD_DIR}/${FRAMEWORKS_FOLDER_PATH}/GoogleToolboxForMac.framework",
				"${TARGET_BUILD_DIR}/${FRAMEWORKS_FOLDER_PATH}/Kingfisher.framework",
				"${TARGET_BUILD_DIR}/${FRAMEWORKS_FOLDER_PATH}/SVProgressHUD.framework",
				"${TARGET_BUILD_DIR}/${FRAMEWORKS_FOLDER_PATH}/leveldb.framework",
				"${TARGET_BUILD_DIR}/${FRAMEWORKS_FOLDER_PATH}/nanopb.framework",
			);
			runOnlyForDeploymentPostprocessing = 0;
			shellPath = /bin/sh;
			shellScript = "\"${SRCROOT}/Pods/Target Support Files/Pods-BookSwap/Pods-BookSwap-frameworks.sh\"\n";
			showEnvVarsInLog = 0;
		};
/* End PBXShellScriptBuildPhase section */

/* Begin PBXSourcesBuildPhase section */
		6310452720FD90BE00B97C0C /* Sources */ = {
			isa = PBXSourcesBuildPhase;
			buildActionMask = 2147483647;
			files = (
				63926996210D9977007F2B4D /* Book.swift in Sources */,
				63FF7E9B20FDB7CF00B8FDAF /* LoginViewController.swift in Sources */,
				63BD4C7021003FC60096C537 /* AccountViewController.swift in Sources */,
				633C2024211CB67900BE481A /* SearchCoursesViewController.swift in Sources */,
				63D0D9D62127A66D00CE3615 /* FullDetailsViewController.swift in Sources */,
				63FF7E9920FD96B300B8FDAF /* RegisterViewController.swift in Sources */,
				63BD4C72210047090096C537 /* AuthErrorHandling.swift in Sources */,
				63926994210D9308007F2B4D /* GBooksViewController.swift in Sources */,
				6339B8EE2123544B002DDEA8 /* AuthoredListingsViewController.swift in Sources */,
				63B5D95C211188E30010DE97 /* ISBNViewController.swift in Sources */,
				63C46EA22123BEC600C74E09 /* EditListingViewController.swift in Sources */,
				63B9CAAC2122A9A700C056AB /* ListingDetailsTableViewCell.swift in Sources */,
				63D0D9DA2128054700CE3615 /* ChatMessageCell.swift in Sources */,
				63A27ACC2125372600750A49 /* ChatViewController.swift in Sources */,
				6310453120FD90BE00B97C0C /* ViewController.swift in Sources */,
				63860E60210EA5B500DB4992 /* BookItemTableViewCell.swift in Sources */,
				6310452F20FD90BE00B97C0C /* AppDelegate.swift in Sources */,
				63B9CAAF2122A9D300C056AB /* ListingDetailsViewController.swift in Sources */,
				63E10980210FE9D3001D858A /* ManualEntryViewController.swift in Sources */,
				63ACB4BB211273C3008B9F8A /* ListingsViewController.swift in Sources */,
				63AE7336211BBFBB004E3D3D /* ISBNSearchViewController.swift in Sources */,
			);
			runOnlyForDeploymentPostprocessing = 0;
		};
/* End PBXSourcesBuildPhase section */

/* Begin PBXVariantGroup section */
		6310453220FD90BE00B97C0C /* Main.storyboard */ = {
			isa = PBXVariantGroup;
			children = (
				6310453320FD90BE00B97C0C /* Base */,
			);
			name = Main.storyboard;
			sourceTree = "<group>";
		};
		6310453720FD90BE00B97C0C /* LaunchScreen.storyboard */ = {
			isa = PBXVariantGroup;
			children = (
				6310453820FD90BE00B97C0C /* Base */,
			);
			name = LaunchScreen.storyboard;
			sourceTree = "<group>";
		};
/* End PBXVariantGroup section */

/* Begin XCBuildConfiguration section */
		6310453B20FD90BE00B97C0C /* Debug */ = {
			isa = XCBuildConfiguration;
			buildSettings = {
				ALWAYS_SEARCH_USER_PATHS = NO;
				CLANG_ANALYZER_NONNULL = YES;
				CLANG_ANALYZER_NUMBER_OBJECT_CONVERSION = YES_AGGRESSIVE;
				CLANG_CXX_LANGUAGE_STANDARD = "gnu++14";
				CLANG_CXX_LIBRARY = "libc++";
				CLANG_ENABLE_MODULES = YES;
				CLANG_ENABLE_OBJC_ARC = YES;
				CLANG_ENABLE_OBJC_WEAK = YES;
				CLANG_WARN_BLOCK_CAPTURE_AUTORELEASING = YES;
				CLANG_WARN_BOOL_CONVERSION = YES;
				CLANG_WARN_COMMA = YES;
				CLANG_WARN_CONSTANT_CONVERSION = YES;
				CLANG_WARN_DEPRECATED_OBJC_IMPLEMENTATIONS = YES;
				CLANG_WARN_DIRECT_OBJC_ISA_USAGE = YES_ERROR;
				CLANG_WARN_DOCUMENTATION_COMMENTS = YES;
				CLANG_WARN_EMPTY_BODY = YES;
				CLANG_WARN_ENUM_CONVERSION = YES;
				CLANG_WARN_INFINITE_RECURSION = YES;
				CLANG_WARN_INT_CONVERSION = YES;
				CLANG_WARN_NON_LITERAL_NULL_CONVERSION = YES;
				CLANG_WARN_OBJC_IMPLICIT_RETAIN_SELF = YES;
				CLANG_WARN_OBJC_LITERAL_CONVERSION = YES;
				CLANG_WARN_OBJC_ROOT_CLASS = YES_ERROR;
				CLANG_WARN_RANGE_LOOP_ANALYSIS = YES;
				CLANG_WARN_STRICT_PROTOTYPES = YES;
				CLANG_WARN_SUSPICIOUS_MOVE = YES;
				CLANG_WARN_UNGUARDED_AVAILABILITY = YES_AGGRESSIVE;
				CLANG_WARN_UNREACHABLE_CODE = YES;
				CLANG_WARN__DUPLICATE_METHOD_MATCH = YES;
				CODE_SIGN_IDENTITY = "iPhone Developer";
				COPY_PHASE_STRIP = NO;
				DEBUG_INFORMATION_FORMAT = dwarf;
				ENABLE_STRICT_OBJC_MSGSEND = YES;
				ENABLE_TESTABILITY = YES;
				GCC_C_LANGUAGE_STANDARD = gnu11;
				GCC_DYNAMIC_NO_PIC = NO;
				GCC_NO_COMMON_BLOCKS = YES;
				GCC_OPTIMIZATION_LEVEL = 0;
				GCC_PREPROCESSOR_DEFINITIONS = (
					"DEBUG=1",
					"$(inherited)",
				);
				GCC_WARN_64_TO_32_BIT_CONVERSION = YES;
				GCC_WARN_ABOUT_RETURN_TYPE = YES_ERROR;
				GCC_WARN_UNDECLARED_SELECTOR = YES;
				GCC_WARN_UNINITIALIZED_AUTOS = YES_AGGRESSIVE;
				GCC_WARN_UNUSED_FUNCTION = YES;
				GCC_WARN_UNUSED_VARIABLE = YES;
				IPHONEOS_DEPLOYMENT_TARGET = 11.4;
				MTL_ENABLE_DEBUG_INFO = YES;
				ONLY_ACTIVE_ARCH = YES;
				SDKROOT = iphoneos;
				SWIFT_ACTIVE_COMPILATION_CONDITIONS = DEBUG;
				SWIFT_OPTIMIZATION_LEVEL = "-Onone";
			};
			name = Debug;
		};
		6310453C20FD90BE00B97C0C /* Release */ = {
			isa = XCBuildConfiguration;
			buildSettings = {
				ALWAYS_SEARCH_USER_PATHS = NO;
				CLANG_ANALYZER_NONNULL = YES;
				CLANG_ANALYZER_NUMBER_OBJECT_CONVERSION = YES_AGGRESSIVE;
				CLANG_CXX_LANGUAGE_STANDARD = "gnu++14";
				CLANG_CXX_LIBRARY = "libc++";
				CLANG_ENABLE_MODULES = YES;
				CLANG_ENABLE_OBJC_ARC = YES;
				CLANG_ENABLE_OBJC_WEAK = YES;
				CLANG_WARN_BLOCK_CAPTURE_AUTORELEASING = YES;
				CLANG_WARN_BOOL_CONVERSION = YES;
				CLANG_WARN_COMMA = YES;
				CLANG_WARN_CONSTANT_CONVERSION = YES;
				CLANG_WARN_DEPRECATED_OBJC_IMPLEMENTATIONS = YES;
				CLANG_WARN_DIRECT_OBJC_ISA_USAGE = YES_ERROR;
				CLANG_WARN_DOCUMENTATION_COMMENTS = YES;
				CLANG_WARN_EMPTY_BODY = YES;
				CLANG_WARN_ENUM_CONVERSION = YES;
				CLANG_WARN_INFINITE_RECURSION = YES;
				CLANG_WARN_INT_CONVERSION = YES;
				CLANG_WARN_NON_LITERAL_NULL_CONVERSION = YES;
				CLANG_WARN_OBJC_IMPLICIT_RETAIN_SELF = YES;
				CLANG_WARN_OBJC_LITERAL_CONVERSION = YES;
				CLANG_WARN_OBJC_ROOT_CLASS = YES_ERROR;
				CLANG_WARN_RANGE_LOOP_ANALYSIS = YES;
				CLANG_WARN_STRICT_PROTOTYPES = YES;
				CLANG_WARN_SUSPICIOUS_MOVE = YES;
				CLANG_WARN_UNGUARDED_AVAILABILITY = YES_AGGRESSIVE;
				CLANG_WARN_UNREACHABLE_CODE = YES;
				CLANG_WARN__DUPLICATE_METHOD_MATCH = YES;
				CODE_SIGN_IDENTITY = "iPhone Developer";
				COPY_PHASE_STRIP = NO;
				DEBUG_INFORMATION_FORMAT = "dwarf-with-dsym";
				ENABLE_NS_ASSERTIONS = NO;
				ENABLE_STRICT_OBJC_MSGSEND = YES;
				GCC_C_LANGUAGE_STANDARD = gnu11;
				GCC_NO_COMMON_BLOCKS = YES;
				GCC_WARN_64_TO_32_BIT_CONVERSION = YES;
				GCC_WARN_ABOUT_RETURN_TYPE = YES_ERROR;
				GCC_WARN_UNDECLARED_SELECTOR = YES;
				GCC_WARN_UNINITIALIZED_AUTOS = YES_AGGRESSIVE;
				GCC_WARN_UNUSED_FUNCTION = YES;
				GCC_WARN_UNUSED_VARIABLE = YES;
				IPHONEOS_DEPLOYMENT_TARGET = 11.4;
				MTL_ENABLE_DEBUG_INFO = NO;
				SDKROOT = iphoneos;
				SWIFT_COMPILATION_MODE = wholemodule;
				SWIFT_OPTIMIZATION_LEVEL = "-O";
				VALIDATE_PRODUCT = YES;
			};
			name = Release;
		};
		6310453E20FD90BE00B97C0C /* Debug */ = {
			isa = XCBuildConfiguration;
			baseConfigurationReference = C62FF91DECD1E5D63990CE54 /* Pods-BookSwap.debug.xcconfig */;
			buildSettings = {
				ASSETCATALOG_COMPILER_APPICON_NAME = AppIcon;
				ASSETCATALOG_COMPILER_LAUNCHIMAGE_NAME = LaunchImage;
				CODE_SIGN_STYLE = Automatic;
				DEVELOPMENT_TEAM = AR8C352QVD;
				INFOPLIST_FILE = BookSwap/Info.plist;
				IPHONEOS_DEPLOYMENT_TARGET = 9.0;
				LD_RUNPATH_SEARCH_PATHS = (
					"$(inherited)",
					"@executable_path/Frameworks",
				);
				PRODUCT_BUNDLE_IDENTIFIER = com.davidshapiro.BookSwap;
				PRODUCT_NAME = "$(TARGET_NAME)";
				SWIFT_VERSION = 4.0;
				TARGETED_DEVICE_FAMILY = 1;
			};
			name = Debug;
		};
		6310453F20FD90BE00B97C0C /* Release */ = {
			isa = XCBuildConfiguration;
			baseConfigurationReference = F977EF4A80B1E2FCC010BB0B /* Pods-BookSwap.release.xcconfig */;
			buildSettings = {
				ASSETCATALOG_COMPILER_APPICON_NAME = AppIcon;
				ASSETCATALOG_COMPILER_LAUNCHIMAGE_NAME = LaunchImage;
				CODE_SIGN_STYLE = Automatic;
				DEVELOPMENT_TEAM = AR8C352QVD;
				INFOPLIST_FILE = BookSwap/Info.plist;
				IPHONEOS_DEPLOYMENT_TARGET = 9.0;
				LD_RUNPATH_SEARCH_PATHS = (
					"$(inherited)",
					"@executable_path/Frameworks",
				);
				PRODUCT_BUNDLE_IDENTIFIER = com.davidshapiro.BookSwap;
				PRODUCT_NAME = "$(TARGET_NAME)";
				SWIFT_VERSION = 4.0;
				TARGETED_DEVICE_FAMILY = 1;
			};
			name = Release;
		};
/* End XCBuildConfiguration section */

/* Begin XCConfigurationList section */
		6310452620FD90BE00B97C0C /* Build configuration list for PBXProject "BookSwap" */ = {
			isa = XCConfigurationList;
			buildConfigurations = (
				6310453B20FD90BE00B97C0C /* Debug */,
				6310453C20FD90BE00B97C0C /* Release */,
			);
			defaultConfigurationIsVisible = 0;
			defaultConfigurationName = Release;
		};
		6310453D20FD90BE00B97C0C /* Build configuration list for PBXNativeTarget "BookSwap" */ = {
			isa = XCConfigurationList;
			buildConfigurations = (
				6310453E20FD90BE00B97C0C /* Debug */,
				6310453F20FD90BE00B97C0C /* Release */,
			);
			defaultConfigurationIsVisible = 0;
			defaultConfigurationName = Release;
		};
/* End XCConfigurationList section */
	};
	rootObject = 6310452320FD90BE00B97C0C /* Project object */;
}
